# This file is automatically @generated by Cargo.
# It is not intended for manual editing.
[[package]]
name = "grassfinder"
version = "0.1.0"
dependencies = [
 "spiral",
]

[[package]]
name = "spiral"
version = "0.1.9"
source = "registry+https://github.com/rust-lang/crates.io-index"
checksum = "bfe3068700d36b5bc091494a9283587cf2442eb0f0c030295665f26f835cd2e1"
